// !$*UTF8*$!
{
	archiveVersion = 1;
	classes = {
	};
	objectVersion = 56;
	objects = {

/* Begin PBXBuildFile section */
		A926FC862C0A75A900E6D996 /* UIViewExt.swift in Sources */ = {isa = PBXBuildFile; fileRef = A926FC852C0A75A900E6D996 /* UIViewExt.swift */; };
		A926FC8E2C0DB79200E6D996 /* AuthViewController.swift in Sources */ = {isa = PBXBuildFile; fileRef = A926FC8D2C0DB79200E6D996 /* AuthViewController.swift */; };
		A926FC902C0DB8EF00E6D996 /* AuthViewModel.swift in Sources */ = {isa = PBXBuildFile; fileRef = A926FC8F2C0DB8EF00E6D996 /* AuthViewModel.swift */; };
		A926FC922C0DD3BB00E6D996 /* AuthScreenModel.swift in Sources */ = {isa = PBXBuildFile; fileRef = A926FC912C0DD3BB00E6D996 /* AuthScreenModel.swift */; };
		A926FC942C0DD87900E6D996 /* LayoutViews.swift in Sources */ = {isa = PBXBuildFile; fileRef = A926FC932C0DD87900E6D996 /* LayoutViews.swift */; };
		A926FC972C0DFE8D00E6D996 /* VerificationViewController.swift in Sources */ = {isa = PBXBuildFile; fileRef = A926FC962C0DFE8D00E6D996 /* VerificationViewController.swift */; };
		A926FC992C0DFF4100E6D996 /* VerificationViewModel.swift in Sources */ = {isa = PBXBuildFile; fileRef = A926FC982C0DFF4100E6D996 /* VerificationViewModel.swift */; };
		A926FC9B2C0DFF5F00E6D996 /* VerificationModel.swift in Sources */ = {isa = PBXBuildFile; fileRef = A926FC9A2C0DFF5F00E6D996 /* VerificationModel.swift */; };
		A926FC9D2C0E10A000E6D996 /* UIStackViewExt.swift in Sources */ = {isa = PBXBuildFile; fileRef = A926FC9C2C0E10A000E6D996 /* UIStackViewExt.swift */; };
		A926FCA02C0E54FF00E6D996 /* CodeVerifyTextField.swift in Sources */ = {isa = PBXBuildFile; fileRef = A926FC9F2C0E54FF00E6D996 /* CodeVerifyTextField.swift */; };
		A926FCA22C0E55A400E6D996 /* CodeVerifyView.swift in Sources */ = {isa = PBXBuildFile; fileRef = A926FCA12C0E55A400E6D996 /* CodeVerifyView.swift */; };
		A926FCA82C0EF18200E6D996 /* PassCodeViewController.swift in Sources */ = {isa = PBXBuildFile; fileRef = A926FCA72C0EF18200E6D996 /* PassCodeViewController.swift */; };
		A926FCAA2C0EF19C00E6D996 /* PassCodeViewModel.swift in Sources */ = {isa = PBXBuildFile; fileRef = A926FCA92C0EF19C00E6D996 /* PassCodeViewModel.swift */; };
		A926FCAD2C0EF32300E6D996 /* DotsCodeView.swift in Sources */ = {isa = PBXBuildFile; fileRef = A926FCAC2C0EF32300E6D996 /* DotsCodeView.swift */; };
		A926FCAF2C0F371700E6D996 /* CodeCreatedUIViewController.swift in Sources */ = {isa = PBXBuildFile; fileRef = A926FCAE2C0F371700E6D996 /* CodeCreatedUIViewController.swift */; };
		A926FCB22C0F3FBF00E6D996 /* KeychainManager.swift in Sources */ = {isa = PBXBuildFile; fileRef = A926FCB12C0F3FBF00E6D996 /* KeychainManager.swift */; };
		A926FCB52C0F3FDB00E6D996 /* KeychainSwift in Frameworks */ = {isa = PBXBuildFile; productRef = A926FCB42C0F3FDB00E6D996 /* KeychainSwift */; };
		A926FCB72C0F42A800E6D996 /* DidNotGetSmsViewController.swift in Sources */ = {isa = PBXBuildFile; fileRef = A926FCB62C0F42A800E6D996 /* DidNotGetSmsViewController.swift */; };
		A926FCBB2C0F48C200E6D996 /* AppCoordinator.swift in Sources */ = {isa = PBXBuildFile; fileRef = A926FCBA2C0F48C200E6D996 /* AppCoordinator.swift */; };
		A926FCBD2C0F490000E6D996 /* Coordinator.swift in Sources */ = {isa = PBXBuildFile; fileRef = A926FCBC2C0F490000E6D996 /* Coordinator.swift */; };
		A926FCBF2C0F4EA700E6D996 /* MainViewCoordinator.swift in Sources */ = {isa = PBXBuildFile; fileRef = A926FCBE2C0F4EA700E6D996 /* MainViewCoordinator.swift */; };
		A926FCC12C0F549C00E6D996 /* AuthViewCoordinator.swift in Sources */ = {isa = PBXBuildFile; fileRef = A926FCC02C0F549C00E6D996 /* AuthViewCoordinator.swift */; };
		A926FCC32C0F5E7E00E6D996 /* VerifyCoordinator.swift in Sources */ = {isa = PBXBuildFile; fileRef = A926FCC22C0F5E7E00E6D996 /* VerifyCoordinator.swift */; };
		A93FA7172C0F9B42006EE16B /* UIViewControllerExt.swift in Sources */ = {isa = PBXBuildFile; fileRef = A93FA7162C0F9B42006EE16B /* UIViewControllerExt.swift */; };
		A9DB13D92C0A10990036AEA6 /* AppDelegate.swift in Sources */ = {isa = PBXBuildFile; fileRef = A9DB13D82C0A10990036AEA6 /* AppDelegate.swift */; };
		A9DB13DB2C0A10990036AEA6 /* SceneDelegate.swift in Sources */ = {isa = PBXBuildFile; fileRef = A9DB13DA2C0A10990036AEA6 /* SceneDelegate.swift */; };
		A9DB13DD2C0A10990036AEA6 /* MainViewController.swift in Sources */ = {isa = PBXBuildFile; fileRef = A9DB13DC2C0A10990036AEA6 /* MainViewController.swift */; };
		A9DB13E32C0A10990036AEA6 /* TestAuthSIS.xcdatamodeld in Sources */ = {isa = PBXBuildFile; fileRef = A9DB13E12C0A10990036AEA6 /* TestAuthSIS.xcdatamodeld */; };
		A9DB13E52C0A109A0036AEA6 /* Assets.xcassets in Resources */ = {isa = PBXBuildFile; fileRef = A9DB13E42C0A109A0036AEA6 /* Assets.xcassets */; };
		A9DB13E82C0A109A0036AEA6 /* LaunchScreen.storyboard in Resources */ = {isa = PBXBuildFile; fileRef = A9DB13E62C0A109A0036AEA6 /* LaunchScreen.storyboard */; };
		A9DB13F22C0A40120036AEA6 /* MainViewModel.swift in Sources */ = {isa = PBXBuildFile; fileRef = A9DB13F12C0A40120036AEA6 /* MainViewModel.swift */; };
		A9DB13F42C0A429F0036AEA6 /* MainScreenModel.swift in Sources */ = {isa = PBXBuildFile; fileRef = A9DB13F32C0A429F0036AEA6 /* MainScreenModel.swift */; };
/* End PBXBuildFile section */

/* Begin PBXFileReference section */
		A926FC852C0A75A900E6D996 /* UIViewExt.swift */ = {isa = PBXFileReference; lastKnownFileType = sourcecode.swift; path = UIViewExt.swift; sourceTree = "<group>"; };
		A926FC8D2C0DB79200E6D996 /* AuthViewController.swift */ = {isa = PBXFileReference; lastKnownFileType = sourcecode.swift; path = AuthViewController.swift; sourceTree = "<group>"; };
		A926FC8F2C0DB8EF00E6D996 /* AuthViewModel.swift */ = {isa = PBXFileReference; lastKnownFileType = sourcecode.swift; path = AuthViewModel.swift; sourceTree = "<group>"; };
		A926FC912C0DD3BB00E6D996 /* AuthScreenModel.swift */ = {isa = PBXFileReference; lastKnownFileType = sourcecode.swift; path = AuthScreenModel.swift; sourceTree = "<group>"; };
		A926FC932C0DD87900E6D996 /* LayoutViews.swift */ = {isa = PBXFileReference; lastKnownFileType = sourcecode.swift; path = LayoutViews.swift; sourceTree = "<group>"; };
		A926FC962C0DFE8D00E6D996 /* VerificationViewController.swift */ = {isa = PBXFileReference; lastKnownFileType = sourcecode.swift; path = VerificationViewController.swift; sourceTree = "<group>"; };
		A926FC982C0DFF4100E6D996 /* VerificationViewModel.swift */ = {isa = PBXFileReference; lastKnownFileType = sourcecode.swift; path = VerificationViewModel.swift; sourceTree = "<group>"; };
		A926FC9A2C0DFF5F00E6D996 /* VerificationModel.swift */ = {isa = PBXFileReference; lastKnownFileType = sourcecode.swift; path = VerificationModel.swift; sourceTree = "<group>"; };
		A926FC9C2C0E10A000E6D996 /* UIStackViewExt.swift */ = {isa = PBXFileReference; lastKnownFileType = sourcecode.swift; path = UIStackViewExt.swift; sourceTree = "<group>"; };
		A926FC9F2C0E54FF00E6D996 /* CodeVerifyTextField.swift */ = {isa = PBXFileReference; lastKnownFileType = sourcecode.swift; path = CodeVerifyTextField.swift; sourceTree = "<group>"; };
		A926FCA12C0E55A400E6D996 /* CodeVerifyView.swift */ = {isa = PBXFileReference; lastKnownFileType = sourcecode.swift; path = CodeVerifyView.swift; sourceTree = "<group>"; };
		A926FCA72C0EF18200E6D996 /* PassCodeViewController.swift */ = {isa = PBXFileReference; lastKnownFileType = sourcecode.swift; path = PassCodeViewController.swift; sourceTree = "<group>"; };
		A926FCA92C0EF19C00E6D996 /* PassCodeViewModel.swift */ = {isa = PBXFileReference; lastKnownFileType = sourcecode.swift; path = PassCodeViewModel.swift; sourceTree = "<group>"; };
		A926FCAC2C0EF32300E6D996 /* DotsCodeView.swift */ = {isa = PBXFileReference; lastKnownFileType = sourcecode.swift; path = DotsCodeView.swift; sourceTree = "<group>"; };
		A926FCAE2C0F371700E6D996 /* CodeCreatedUIViewController.swift */ = {isa = PBXFileReference; lastKnownFileType = sourcecode.swift; path = CodeCreatedUIViewController.swift; sourceTree = "<group>"; };
		A926FCB12C0F3FBF00E6D996 /* KeychainManager.swift */ = {isa = PBXFileReference; lastKnownFileType = sourcecode.swift; path = KeychainManager.swift; sourceTree = "<group>"; };
		A926FCB62C0F42A800E6D996 /* DidNotGetSmsViewController.swift */ = {isa = PBXFileReference; lastKnownFileType = sourcecode.swift; path = DidNotGetSmsViewController.swift; sourceTree = "<group>"; };
		A926FCBA2C0F48C200E6D996 /* AppCoordinator.swift */ = {isa = PBXFileReference; lastKnownFileType = sourcecode.swift; path = AppCoordinator.swift; sourceTree = "<group>"; };
		A926FCBC2C0F490000E6D996 /* Coordinator.swift */ = {isa = PBXFileReference; lastKnownFileType = sourcecode.swift; path = Coordinator.swift; sourceTree = "<group>"; };
		A926FCBE2C0F4EA700E6D996 /* MainViewCoordinator.swift */ = {isa = PBXFileReference; lastKnownFileType = sourcecode.swift; path = MainViewCoordinator.swift; sourceTree = "<group>"; };
		A926FCC02C0F549C00E6D996 /* AuthViewCoordinator.swift */ = {isa = PBXFileReference; lastKnownFileType = sourcecode.swift; path = AuthViewCoordinator.swift; sourceTree = "<group>"; };
		A926FCC22C0F5E7E00E6D996 /* VerifyCoordinator.swift */ = {isa = PBXFileReference; lastKnownFileType = sourcecode.swift; path = VerifyCoordinator.swift; sourceTree = "<group>"; };
		A93FA7162C0F9B42006EE16B /* UIViewControllerExt.swift */ = {isa = PBXFileReference; lastKnownFileType = sourcecode.swift; path = UIViewControllerExt.swift; sourceTree = "<group>"; };
		A9DB13D52C0A10990036AEA6 /* TestAuthSIS.app */ = {isa = PBXFileReference; explicitFileType = wrapper.application; includeInIndex = 0; path = TestAuthSIS.app; sourceTree = BUILT_PRODUCTS_DIR; };
		A9DB13D82C0A10990036AEA6 /* AppDelegate.swift */ = {isa = PBXFileReference; lastKnownFileType = sourcecode.swift; path = AppDelegate.swift; sourceTree = "<group>"; };
		A9DB13DA2C0A10990036AEA6 /* SceneDelegate.swift */ = {isa = PBXFileReference; lastKnownFileType = sourcecode.swift; path = SceneDelegate.swift; sourceTree = "<group>"; };
		A9DB13DC2C0A10990036AEA6 /* MainViewController.swift */ = {isa = PBXFileReference; lastKnownFileType = sourcecode.swift; path = MainViewController.swift; sourceTree = "<group>"; };
		A9DB13E22C0A10990036AEA6 /* TestAuthSIS.xcdatamodel */ = {isa = PBXFileReference; lastKnownFileType = wrapper.xcdatamodel; path = TestAuthSIS.xcdatamodel; sourceTree = "<group>"; };
		A9DB13E42C0A109A0036AEA6 /* Assets.xcassets */ = {isa = PBXFileReference; lastKnownFileType = folder.assetcatalog; path = Assets.xcassets; sourceTree = "<group>"; };
		A9DB13E72C0A109A0036AEA6 /* Base */ = {isa = PBXFileReference; lastKnownFileType = file.storyboard; name = Base; path = Base.lproj/LaunchScreen.storyboard; sourceTree = "<group>"; };
		A9DB13E92C0A109A0036AEA6 /* Info.plist */ = {isa = PBXFileReference; lastKnownFileType = text.plist.xml; path = Info.plist; sourceTree = "<group>"; };
		A9DB13F12C0A40120036AEA6 /* MainViewModel.swift */ = {isa = PBXFileReference; lastKnownFileType = sourcecode.swift; path = MainViewModel.swift; sourceTree = "<group>"; };
		A9DB13F32C0A429F0036AEA6 /* MainScreenModel.swift */ = {isa = PBXFileReference; lastKnownFileType = sourcecode.swift; path = MainScreenModel.swift; sourceTree = "<group>"; };
/* End PBXFileReference section */

/* Begin PBXFrameworksBuildPhase section */
		A9DB13D22C0A10990036AEA6 /* Frameworks */ = {
			isa = PBXFrameworksBuildPhase;
			buildActionMask = 2147483647;
			files = (
				A926FCB52C0F3FDB00E6D996 /* KeychainSwift in Frameworks */,
			);
			runOnlyForDeploymentPostprocessing = 0;
		};
/* End PBXFrameworksBuildPhase section */

/* Begin PBXGroup section */
		A926FC832C0A758900E6D996 /* Common */ = {
			isa = PBXGroup;
			children = (
				A9DB13D82C0A10990036AEA6 /* AppDelegate.swift */,
				A9DB13DA2C0A10990036AEA6 /* SceneDelegate.swift */,
			);
			path = Common;
			sourceTree = "<group>";
		};
		A926FC842C0A759900E6D996 /* Helpers */ = {
			isa = PBXGroup;
			children = (
				A9DB13F02C0A37520036AEA6 /* Extentions */,
				A926FC932C0DD87900E6D996 /* LayoutViews.swift */,
			);
			path = Helpers;
			sourceTree = "<group>";
		};
		A926FC8B2C0DB75000E6D996 /* AuthScreenModule */ = {
			isa = PBXGroup;
			children = (
				A926FCC02C0F549C00E6D996 /* AuthViewCoordinator.swift */,
				A926FC8D2C0DB79200E6D996 /* AuthViewController.swift */,
				A926FC8F2C0DB8EF00E6D996 /* AuthViewModel.swift */,
				A926FC912C0DD3BB00E6D996 /* AuthScreenModel.swift */,
				A926FC952C0DFDE600E6D996 /* VerificationScreenModule */,
				A926FCA62C0EF12F00E6D996 /* PassCodeScreenModule */,
			);
			path = AuthScreenModule;
			sourceTree = "<group>";
		};
		A926FC952C0DFDE600E6D996 /* VerificationScreenModule */ = {
			isa = PBXGroup;
			children = (
				A926FC9E2C0E549E00E6D996 /* Views */,
				A926FCC22C0F5E7E00E6D996 /* VerifyCoordinator.swift */,
				A926FC962C0DFE8D00E6D996 /* VerificationViewController.swift */,
				A926FC982C0DFF4100E6D996 /* VerificationViewModel.swift */,
				A926FC9A2C0DFF5F00E6D996 /* VerificationModel.swift */,
				A926FCB62C0F42A800E6D996 /* DidNotGetSmsViewController.swift */,
			);
			path = VerificationScreenModule;
			sourceTree = "<group>";
		};
		A926FC9E2C0E549E00E6D996 /* Views */ = {
			isa = PBXGroup;
			children = (
				A926FC9F2C0E54FF00E6D996 /* CodeVerifyTextField.swift */,
				A926FCA12C0E55A400E6D996 /* CodeVerifyView.swift */,
			);
			path = Views;
			sourceTree = "<group>";
		};
		A926FCA62C0EF12F00E6D996 /* PassCodeScreenModule */ = {
			isa = PBXGroup;
			children = (
				A926FCAB2C0EF28600E6D996 /* Views */,
				A926FCA72C0EF18200E6D996 /* PassCodeViewController.swift */,
				A926FCA92C0EF19C00E6D996 /* PassCodeViewModel.swift */,
				A926FCAE2C0F371700E6D996 /* CodeCreatedUIViewController.swift */,
			);
			path = PassCodeScreenModule;
			sourceTree = "<group>";
		};
		A926FCAB2C0EF28600E6D996 /* Views */ = {
			isa = PBXGroup;
			children = (
				A926FCAC2C0EF32300E6D996 /* DotsCodeView.swift */,
			);
			path = Views;
			sourceTree = "<group>";
		};
		A926FCB02C0F3F9C00E6D996 /* KeyChainManager */ = {
			isa = PBXGroup;
			children = (
				A926FCB12C0F3FBF00E6D996 /* KeychainManager.swift */,
			);
			path = KeyChainManager;
			sourceTree = "<group>";
		};
		A926FCB82C0F487700E6D996 /* Resoures */ = {
			isa = PBXGroup;
			children = (
				A9DB13E42C0A109A0036AEA6 /* Assets.xcassets */,
				A9DB13E62C0A109A0036AEA6 /* LaunchScreen.storyboard */,
				A9DB13E12C0A10990036AEA6 /* TestAuthSIS.xcdatamodeld */,
			);
			path = Resoures;
			sourceTree = "<group>";
		};
		A926FCB92C0F489D00E6D996 /* Coordinator */ = {
			isa = PBXGroup;
			children = (
				A926FCBA2C0F48C200E6D996 /* AppCoordinator.swift */,
				A926FCBC2C0F490000E6D996 /* Coordinator.swift */,
			);
			path = Coordinator;
			sourceTree = "<group>";
		};
		A9DB13CC2C0A10990036AEA6 = {
			isa = PBXGroup;
			children = (
				A9DB13D72C0A10990036AEA6 /* TestAuthSIS */,
				A9DB13D62C0A10990036AEA6 /* Products */,
			);
			sourceTree = "<group>";
		};
		A9DB13D62C0A10990036AEA6 /* Products */ = {
			isa = PBXGroup;
			children = (
				A9DB13D52C0A10990036AEA6 /* TestAuthSIS.app */,
			);
			name = Products;
			sourceTree = "<group>";
		};
		A9DB13D72C0A10990036AEA6 /* TestAuthSIS */ = {
			isa = PBXGroup;
			children = (
				A9DB13E92C0A109A0036AEA6 /* Info.plist */,
				A926FCB82C0F487700E6D996 /* Resoures */,
				A926FCB02C0F3F9C00E6D996 /* KeyChainManager */,
				A926FC832C0A758900E6D996 /* Common */,
				A926FC842C0A759900E6D996 /* Helpers */,
				A926FCB92C0F489D00E6D996 /* Coordinator */,
				A9DB13EF2C0A33C00036AEA6 /* MainScreenModule */,
				A926FC8B2C0DB75000E6D996 /* AuthScreenModule */,
			);
			path = TestAuthSIS;
			sourceTree = "<group>";
		};
		A9DB13EF2C0A33C00036AEA6 /* MainScreenModule */ = {
			isa = PBXGroup;
			children = (
				A926FCBE2C0F4EA700E6D996 /* MainViewCoordinator.swift */,
				A9DB13DC2C0A10990036AEA6 /* MainViewController.swift */,
				A9DB13F12C0A40120036AEA6 /* MainViewModel.swift */,
				A9DB13F32C0A429F0036AEA6 /* MainScreenModel.swift */,
			);
			path = MainScreenModule;
			sourceTree = "<group>";
		};
		A9DB13F02C0A37520036AEA6 /* Extentions */ = {
			isa = PBXGroup;
			children = (
				A926FC852C0A75A900E6D996 /* UIViewExt.swift */,
				A926FC9C2C0E10A000E6D996 /* UIStackViewExt.swift */,
				A93FA7162C0F9B42006EE16B /* UIViewControllerExt.swift */,
			);
			path = Extentions;
			sourceTree = "<group>";
		};
/* End PBXGroup section */

/* Begin PBXNativeTarget section */
		A9DB13D42C0A10990036AEA6 /* TestAuthSIS */ = {
			isa = PBXNativeTarget;
			buildConfigurationList = A9DB13EC2C0A109A0036AEA6 /* Build configuration list for PBXNativeTarget "TestAuthSIS" */;
			buildPhases = (
				A9DB13D12C0A10990036AEA6 /* Sources */,
				A9DB13D22C0A10990036AEA6 /* Frameworks */,
				A9DB13D32C0A10990036AEA6 /* Resources */,
			);
			buildRules = (
			);
			dependencies = (
			);
			name = TestAuthSIS;
			packageProductDependencies = (
				A926FCB42C0F3FDB00E6D996 /* KeychainSwift */,
			);
			productName = TestAuthSIS;
			productReference = A9DB13D52C0A10990036AEA6 /* TestAuthSIS.app */;
			productType = "com.apple.product-type.application";
		};
/* End PBXNativeTarget section */

/* Begin PBXProject section */
		A9DB13CD2C0A10990036AEA6 /* Project object */ = {
			isa = PBXProject;
			attributes = {
				BuildIndependentTargetsInParallel = 1;
				LastSwiftUpdateCheck = 1520;
				LastUpgradeCheck = 1520;
				TargetAttributes = {
					A9DB13D42C0A10990036AEA6 = {
						CreatedOnToolsVersion = 15.2;
					};
				};
			};
			buildConfigurationList = A9DB13D02C0A10990036AEA6 /* Build configuration list for PBXProject "TestAuthSIS" */;
			compatibilityVersion = "Xcode 14.0";
			developmentRegion = en;
			hasScannedForEncodings = 0;
			knownRegions = (
				en,
				Base,
			);
			mainGroup = A9DB13CC2C0A10990036AEA6;
			packageReferences = (
				A926FCB32C0F3FDB00E6D996 /* XCRemoteSwiftPackageReference "keychain-swift" */,
			);
			productRefGroup = A9DB13D62C0A10990036AEA6 /* Products */;
			projectDirPath = "";
			projectRoot = "";
			targets = (
				A9DB13D42C0A10990036AEA6 /* TestAuthSIS */,
			);
		};
/* End PBXProject section */

/* Begin PBXResourcesBuildPhase section */
		A9DB13D32C0A10990036AEA6 /* Resources */ = {
			isa = PBXResourcesBuildPhase;
			buildActionMask = 2147483647;
			files = (
				A9DB13E82C0A109A0036AEA6 /* LaunchScreen.storyboard in Resources */,
				A9DB13E52C0A109A0036AEA6 /* Assets.xcassets in Resources */,
			);
			runOnlyForDeploymentPostprocessing = 0;
		};
/* End PBXResourcesBuildPhase section */

/* Begin PBXSourcesBuildPhase section */
		A9DB13D12C0A10990036AEA6 /* Sources */ = {
			isa = PBXSourcesBuildPhase;
			buildActionMask = 2147483647;
			files = (
				A926FC9B2C0DFF5F00E6D996 /* VerificationModel.swift in Sources */,
				A926FCAA2C0EF19C00E6D996 /* PassCodeViewModel.swift in Sources */,
				A9DB13F22C0A40120036AEA6 /* MainViewModel.swift in Sources */,
				A9DB13DD2C0A10990036AEA6 /* MainViewController.swift in Sources */,
				A926FCBF2C0F4EA700E6D996 /* MainViewCoordinator.swift in Sources */,
				A9DB13F42C0A429F0036AEA6 /* MainScreenModel.swift in Sources */,
				A926FCAF2C0F371700E6D996 /* CodeCreatedUIViewController.swift in Sources */,
				A926FC942C0DD87900E6D996 /* LayoutViews.swift in Sources */,
				A926FCB72C0F42A800E6D996 /* DidNotGetSmsViewController.swift in Sources */,
				A926FCC12C0F549C00E6D996 /* AuthViewCoordinator.swift in Sources */,
				A926FC862C0A75A900E6D996 /* UIViewExt.swift in Sources */,
				A926FCC32C0F5E7E00E6D996 /* VerifyCoordinator.swift in Sources */,
				A926FC8E2C0DB79200E6D996 /* AuthViewController.swift in Sources */,
				A926FC9D2C0E10A000E6D996 /* UIStackViewExt.swift in Sources */,
				A926FC972C0DFE8D00E6D996 /* VerificationViewController.swift in Sources */,
				A926FCBB2C0F48C200E6D996 /* AppCoordinator.swift in Sources */,
				A9DB13E32C0A10990036AEA6 /* TestAuthSIS.xcdatamodeld in Sources */,
				A926FC992C0DFF4100E6D996 /* VerificationViewModel.swift in Sources */,
				A926FCAD2C0EF32300E6D996 /* DotsCodeView.swift in Sources */,
				A926FCA22C0E55A400E6D996 /* CodeVerifyView.swift in Sources */,
				A9DB13D92C0A10990036AEA6 /* AppDelegate.swift in Sources */,
				A9DB13DB2C0A10990036AEA6 /* SceneDelegate.swift in Sources */,
				A926FCB22C0F3FBF00E6D996 /* KeychainManager.swift in Sources */,
				A93FA7172C0F9B42006EE16B /* UIViewControllerExt.swift in Sources */,
				A926FCA02C0E54FF00E6D996 /* CodeVerifyTextField.swift in Sources */,
				A926FC902C0DB8EF00E6D996 /* AuthViewModel.swift in Sources */,
				A926FCBD2C0F490000E6D996 /* Coordinator.swift in Sources */,
				A926FCA82C0EF18200E6D996 /* PassCodeViewController.swift in Sources */,
				A926FC922C0DD3BB00E6D996 /* AuthScreenModel.swift in Sources */,
			);
			runOnlyForDeploymentPostprocessing = 0;
		};
/* End PBXSourcesBuildPhase section */

/* Begin PBXVariantGroup section */
		A9DB13E62C0A109A0036AEA6 /* LaunchScreen.storyboard */ = {
			isa = PBXVariantGroup;
			children = (
				A9DB13E72C0A109A0036AEA6 /* Base */,
			);
			name = LaunchScreen.storyboard;
			sourceTree = "<group>";
		};
/* End PBXVariantGroup section */

/* Begin XCBuildConfiguration section */
		A9DB13EA2C0A109A0036AEA6 /* Debug */ = {
			isa = XCBuildConfiguration;
			buildSettings = {
				ALWAYS_SEARCH_USER_PATHS = NO;
				ASSETCATALOG_COMPILER_GENERATE_SWIFT_ASSET_SYMBOL_EXTENSIONS = YES;
				CLANG_ANALYZER_NONNULL = YES;
				CLANG_ANALYZER_NUMBER_OBJECT_CONVERSION = YES_AGGRESSIVE;
				CLANG_CXX_LANGUAGE_STANDARD = "gnu++20";
				CLANG_ENABLE_MODULES = YES;
				CLANG_ENABLE_OBJC_ARC = YES;
				CLANG_ENABLE_OBJC_WEAK = YES;
				CLANG_WARN_BLOCK_CAPTURE_AUTORELEASING = YES;
				CLANG_WARN_BOOL_CONVERSION = YES;
				CLANG_WARN_COMMA = YES;
				CLANG_WARN_CONSTANT_CONVERSION = YES;
				CLANG_WARN_DEPRECATED_OBJC_IMPLEMENTATIONS = YES;
				CLANG_WARN_DIRECT_OBJC_ISA_USAGE = YES_ERROR;
				CLANG_WARN_DOCUMENTATION_COMMENTS = YES;
				CLANG_WARN_EMPTY_BODY = YES;
				CLANG_WARN_ENUM_CONVERSION = YES;
				CLANG_WARN_INFINITE_RECURSION = YES;
				CLANG_WARN_INT_CONVERSION = YES;
				CLANG_WARN_NON_LITERAL_NULL_CONVERSION = YES;
				CLANG_WARN_OBJC_IMPLICIT_RETAIN_SELF = YES;
				CLANG_WARN_OBJC_LITERAL_CONVERSION = YES;
				CLANG_WARN_OBJC_ROOT_CLASS = YES_ERROR;
				CLANG_WARN_QUOTED_INCLUDE_IN_FRAMEWORK_HEADER = YES;
				CLANG_WARN_RANGE_LOOP_ANALYSIS = YES;
				CLANG_WARN_STRICT_PROTOTYPES = YES;
				CLANG_WARN_SUSPICIOUS_MOVE = YES;
				CLANG_WARN_UNGUARDED_AVAILABILITY = YES_AGGRESSIVE;
				CLANG_WARN_UNREACHABLE_CODE = YES;
				CLANG_WARN__DUPLICATE_METHOD_MATCH = YES;
				COPY_PHASE_STRIP = NO;
				DEBUG_INFORMATION_FORMAT = dwarf;
				ENABLE_STRICT_OBJC_MSGSEND = YES;
				ENABLE_TESTABILITY = YES;
				ENABLE_USER_SCRIPT_SANDBOXING = YES;
				GCC_C_LANGUAGE_STANDARD = gnu17;
				GCC_DYNAMIC_NO_PIC = NO;
				GCC_NO_COMMON_BLOCKS = YES;
				GCC_OPTIMIZATION_LEVEL = 0;
				GCC_PREPROCESSOR_DEFINITIONS = (
					"DEBUG=1",
					"$(inherited)",
				);
				GCC_WARN_64_TO_32_BIT_CONVERSION = YES;
				GCC_WARN_ABOUT_RETURN_TYPE = YES_ERROR;
				GCC_WARN_UNDECLARED_SELECTOR = YES;
				GCC_WARN_UNINITIALIZED_AUTOS = YES_AGGRESSIVE;
				GCC_WARN_UNUSED_FUNCTION = YES;
				GCC_WARN_UNUSED_VARIABLE = YES;
				IPHONEOS_DEPLOYMENT_TARGET = 17.2;
				LOCALIZATION_PREFERS_STRING_CATALOGS = YES;
				MTL_ENABLE_DEBUG_INFO = INCLUDE_SOURCE;
				MTL_FAST_MATH = YES;
				ONLY_ACTIVE_ARCH = YES;
				SDKROOT = iphoneos;
				SWIFT_ACTIVE_COMPILATION_CONDITIONS = "DEBUG $(inherited)";
				SWIFT_OPTIMIZATION_LEVEL = "-Onone";
			};
			name = Debug;
		};
		A9DB13EB2C0A109A0036AEA6 /* Release */ = {
			isa = XCBuildConfiguration;
			buildSettings = {
				ALWAYS_SEARCH_USER_PATHS = NO;
				ASSETCATALOG_COMPILER_GENERATE_SWIFT_ASSET_SYMBOL_EXTENSIONS = YES;
				CLANG_ANALYZER_NONNULL = YES;
				CLANG_ANALYZER_NUMBER_OBJECT_CONVERSION = YES_AGGRESSIVE;
				CLANG_CXX_LANGUAGE_STANDARD = "gnu++20";
				CLANG_ENABLE_MODULES = YES;
				CLANG_ENABLE_OBJC_ARC = YES;
				CLANG_ENABLE_OBJC_WEAK = YES;
				CLANG_WARN_BLOCK_CAPTURE_AUTORELEASING = YES;
				CLANG_WARN_BOOL_CONVERSION = YES;
				CLANG_WARN_COMMA = YES;
				CLANG_WARN_CONSTANT_CONVERSION = YES;
				CLANG_WARN_DEPRECATED_OBJC_IMPLEMENTATIONS = YES;
				CLANG_WARN_DIRECT_OBJC_ISA_USAGE = YES_ERROR;
				CLANG_WARN_DOCUMENTATION_COMMENTS = YES;
				CLANG_WARN_EMPTY_BODY = YES;
				CLANG_WARN_ENUM_CONVERSION = YES;
				CLANG_WARN_INFINITE_RECURSION = YES;
				CLANG_WARN_INT_CONVERSION = YES;
				CLANG_WARN_NON_LITERAL_NULL_CONVERSION = YES;
				CLANG_WARN_OBJC_IMPLICIT_RETAIN_SELF = YES;
				CLANG_WARN_OBJC_LITERAL_CONVERSION = YES;
				CLANG_WARN_OBJC_ROOT_CLASS = YES_ERROR;
				CLANG_WARN_QUOTED_INCLUDE_IN_FRAMEWORK_HEADER = YES;
				CLANG_WARN_RANGE_LOOP_ANALYSIS = YES;
				CLANG_WARN_STRICT_PROTOTYPES = YES;
				CLANG_WARN_SUSPICIOUS_MOVE = YES;
				CLANG_WARN_UNGUARDED_AVAILABILITY = YES_AGGRESSIVE;
				CLANG_WARN_UNREACHABLE_CODE = YES;
				CLANG_WARN__DUPLICATE_METHOD_MATCH = YES;
				COPY_PHASE_STRIP = NO;
				DEBUG_INFORMATION_FORMAT = "dwarf-with-dsym";
				ENABLE_NS_ASSERTIONS = NO;
				ENABLE_STRICT_OBJC_MSGSEND = YES;
				ENABLE_USER_SCRIPT_SANDBOXING = YES;
				GCC_C_LANGUAGE_STANDARD = gnu17;
				GCC_NO_COMMON_BLOCKS = YES;
				GCC_WARN_64_TO_32_BIT_CONVERSION = YES;
				GCC_WARN_ABOUT_RETURN_TYPE = YES_ERROR;
				GCC_WARN_UNDECLARED_SELECTOR = YES;
				GCC_WARN_UNINITIALIZED_AUTOS = YES_AGGRESSIVE;
				GCC_WARN_UNUSED_FUNCTION = YES;
				GCC_WARN_UNUSED_VARIABLE = YES;
				IPHONEOS_DEPLOYMENT_TARGET = 17.2;
				LOCALIZATION_PREFERS_STRING_CATALOGS = YES;
				MTL_ENABLE_DEBUG_INFO = NO;
				MTL_FAST_MATH = YES;
				SDKROOT = iphoneos;
				SWIFT_COMPILATION_MODE = wholemodule;
				VALIDATE_PRODUCT = YES;
			};
			name = Release;
		};
		A9DB13ED2C0A109A0036AEA6 /* Debug */ = {
			isa = XCBuildConfiguration;
			buildSettings = {
				ASSETCATALOG_COMPILER_APPICON_NAME = AppIcon;
				ASSETCATALOG_COMPILER_GLOBAL_ACCENT_COLOR_NAME = AccentColor;
				ASSETCATALOG_COMPILER_INCLUDE_ALL_APPICON_ASSETS = YES;
				CODE_SIGN_STYLE = Automatic;
				CURRENT_PROJECT_VERSION = 1;
				DEVELOPMENT_TEAM = GVZ5VP5Q9P;
				GENERATE_INFOPLIST_FILE = YES;
				INFOPLIST_FILE = TestAuthSIS/Info.plist;
				INFOPLIST_KEY_UIApplicationSupportsIndirectInputEvents = YES;
				INFOPLIST_KEY_UILaunchStoryboardName = LaunchScreen;
				INFOPLIST_KEY_UISupportedInterfaceOrientations = UIInterfaceOrientationPortrait;
				INFOPLIST_KEY_UISupportedInterfaceOrientations_iPad = "UIInterfaceOrientationLandscapeLeft UIInterfaceOrientationLandscapeRight UIInterfaceOrientationPortrait UIInterfaceOrientationPortraitUpsideDown";
				IPHONEOS_DEPLOYMENT_TARGET = 17.0;
				LD_RUNPATH_SEARCH_PATHS = (
					"$(inherited)",
					"@executable_path/Frameworks",
				);
				MARKETING_VERSION = 1.0;
				PRODUCT_BUNDLE_IDENTIFIER = m.vashkevich.TestAuthSIS;
				PRODUCT_NAME = "$(TARGET_NAME)";
				SUPPORTED_PLATFORMS = "iphoneos iphonesimulator";
				SUPPORTS_MACCATALYST = NO;
				SUPPORTS_MAC_DESIGNED_FOR_IPHONE_IPAD = NO;
				SUPPORTS_XR_DESIGNED_FOR_IPHONE_IPAD = NO;
				SWIFT_EMIT_LOC_STRINGS = YES;
				SWIFT_VERSION = 5.0;
				TARGETED_DEVICE_FAMILY = 1;
			};
			name = Debug;
		};
		A9DB13EE2C0A109A0036AEA6 /* Release */ = {
			isa = XCBuildConfiguration;
			buildSettings = {
				ASSETCATALOG_COMPILER_APPICON_NAME = AppIcon;
				ASSETCATALOG_COMPILER_GLOBAL_ACCENT_COLOR_NAME = AccentColor;
				ASSETCATALOG_COMPILER_INCLUDE_ALL_APPICON_ASSETS = YES;
				CODE_SIGN_STYLE = Automatic;
				CURRENT_PROJECT_VERSION = 1;
				DEVELOPMENT_TEAM = GVZ5VP5Q9P;
				GENERATE_INFOPLIST_FILE = YES;
				INFOPLIST_FILE = TestAuthSIS/Info.plist;
				INFOPLIST_KEY_UIApplicationSupportsIndirectInputEvents = YES;
				INFOPLIST_KEY_UILaunchStoryboardName = LaunchScreen;
				INFOPLIST_KEY_UISupportedInterfaceOrientations = UIInterfaceOrientationPortrait;
				INFOPLIST_KEY_UISupportedInterfaceOrientations_iPad = "UIInterfaceOrientationLandscapeLeft UIInterfaceOrientationLandscapeRight UIInterfaceOrientationPortrait UIInterfaceOrientationPortraitUpsideDown";
				IPHONEOS_DEPLOYMENT_TARGET = 17.0;
				LD_RUNPATH_SEARCH_PATHS = (
					"$(inherited)",
					"@executable_path/Frameworks",
				);
				MARKETING_VERSION = 1.0;
				PRODUCT_BUNDLE_IDENTIFIER = m.vashkevich.TestAuthSIS;
				PRODUCT_NAME = "$(TARGET_NAME)";
				SUPPORTED_PLATFORMS = "iphoneos iphonesimulator";
				SUPPORTS_MACCATALYST = NO;
				SUPPORTS_MAC_DESIGNED_FOR_IPHONE_IPAD = NO;
				SUPPORTS_XR_DESIGNED_FOR_IPHONE_IPAD = NO;
				SWIFT_EMIT_LOC_STRINGS = YES;
				SWIFT_VERSION = 5.0;
				TARGETED_DEVICE_FAMILY = 1;
			};
			name = Release;
		};
/* End XCBuildConfiguration section */

/* Begin XCConfigurationList section */
		A9DB13D02C0A10990036AEA6 /* Build configuration list for PBXProject "TestAuthSIS" */ = {
			isa = XCConfigurationList;
			buildConfigurations = (
				A9DB13EA2C0A109A0036AEA6 /* Debug */,
				A9DB13EB2C0A109A0036AEA6 /* Release */,
			);
			defaultConfigurationIsVisible = 0;
			defaultConfigurationName = Release;
		};
		A9DB13EC2C0A109A0036AEA6 /* Build configuration list for PBXNativeTarget "TestAuthSIS" */ = {
			isa = XCConfigurationList;
			buildConfigurations = (
				A9DB13ED2C0A109A0036AEA6 /* Debug */,
				A9DB13EE2C0A109A0036AEA6 /* Release */,
			);
			defaultConfigurationIsVisible = 0;
			defaultConfigurationName = Release;
		};
/* End XCConfigurationList section */

/* Begin XCRemoteSwiftPackageReference section */
		A926FCB32C0F3FDB00E6D996 /* XCRemoteSwiftPackageReference "keychain-swift" */ = {
			isa = XCRemoteSwiftPackageReference;
			repositoryURL = "https://github.com/evgenyneu/keychain-swift.git";
			requirement = {
				kind = upToNextMajorVersion;
				minimumVersion = 24.0.0;
			};
		};
/* End XCRemoteSwiftPackageReference section */

/* Begin XCSwiftPackageProductDependency section */
		A926FCB42C0F3FDB00E6D996 /* KeychainSwift */ = {
			isa = XCSwiftPackageProductDependency;
			package = A926FCB32C0F3FDB00E6D996 /* XCRemoteSwiftPackageReference "keychain-swift" */;
			productName = KeychainSwift;
		};
/* End XCSwiftPackageProductDependency section */

/* Begin XCVersionGroup section */
		A9DB13E12C0A10990036AEA6 /* TestAuthSIS.xcdatamodeld */ = {
			isa = XCVersionGroup;
			children = (
				A9DB13E22C0A10990036AEA6 /* TestAuthSIS.xcdatamodel */,
			);
			currentVersion = A9DB13E22C0A10990036AEA6 /* TestAuthSIS.xcdatamodel */;
			path = TestAuthSIS.xcdatamodeld;
			sourceTree = "<group>";
			versionGroupType = wrapper.xcdatamodel;
		};
/* End XCVersionGroup section */
	};
	rootObject = A9DB13CD2C0A10990036AEA6 /* Project object */;
}
